
Microsoft Visual Studio Solution File, Format Version 12.00
# Visual Studio Version 16
VisualStudioVersion = 16.0.32106.194
MinimumVisualStudioVersion = 10.0.40219.1
Project("{9A19103F-16F7-4668-BE54-9A1E7A4F7556}") = "HelloWorld", "HelloWorld\HelloWorld.csproj", "{1B15571A-3228-4291-95E3-545BFF2CE615}"
EndProject
Project("{9A19103F-16F7-4668-BE54-9A1E7A4F7556}") = "FundementalGroupExercise", "FundementalGroupExercise\FundementalGroupExercise.csproj", "{A9CC6546-A974-4F4D-9433-9F6A975F3686}"
EndProject
Project("{9A19103F-16F7-4668-BE54-9A1E7A4F7556}") = "StatementAndExpression", "StatementAndExpression\StatementAndExpression.csproj", "{58AA4EC8-87F5-41A5-8347-1EF2D3C29D82}"
EndProject
Project("{9A19103F-16F7-4668-BE54-9A1E7A4F7556}") = "PrefixPostfix", "PrefixPostfix\PrefixPostfix.csproj", "{8BF0FD71-1368-4635-9118-A50FCE37FF00}"
EndProject
Project("{9A19103F-16F7-4668-BE54-9A1E7A4F7556}") = "TypeConversion", "TypeConversion\TypeConversion.csproj", "{4A9BAE3E-2E4C-4DA5-9E7A-438413D9B54E}"
EndProject
Project("{9A19103F-16F7-4668-BE54-9A1E7A4F7556}") = "Constant", "Constant\Constant.csproj", "{94E85E6C-FA6A-4199-ABE5-8187B7C17840}"
EndProject
Project("{9A19103F-16F7-4668-BE54-9A1E7A4F7556}") = "Inputs", "Inputs\Inputs.csproj", "{1710E692-C7EA-4BAD-8235-86EDDB0E837E}"
EndProject
Project("{9A19103F-16F7-4668-BE54-9A1E7A4F7556}") = "CoolConsole", "CoolConsole\CoolConsole.csproj", "{753BE16F-55E4-4445-86E3-811A5FA35237}"
EndProject
Project("{9A19103F-16F7-4668-BE54-9A1E7A4F7556}") = "Currency", "Currency\Currency.csproj", "{345C8483-661A-4DD9-A980-827DAC145029}"
EndProject
Project("{9A19103F-16F7-4668-BE54-9A1E7A4F7556}") = "Decisions", "Decisions\Decisions.csproj", "{7A23E865-2F37-4DBF-A8E1-15105B9A0CB8}"
EndProject
Project("{9A19103F-16F7-4668-BE54-9A1E7A4F7556}") = "JustinGetRichPlan", "JustinGetRichPlan\JustinGetRichPlan.csproj", "{AC918BE5-72BE-486F-8BB4-0901E4020BEA}"
EndProject
Project("{9A19103F-16F7-4668-BE54-9A1E7A4F7556}") = "scoped", "scoped\scoped.csproj", "{5B0262B7-067D-4883-B4EF-BC691AD880E8}"
EndProject
Project("{9A19103F-16F7-4668-BE54-9A1E7A4F7556}") = "Atm", "Atm\Atm.csproj", "{041A9774-525F-4652-A5E3-C163C8CDE5D4}"
EndProject
Global
	GlobalSection(SolutionConfigurationPlatforms) = preSolution
		Debug|Any CPU = Debug|Any CPU
		Release|Any CPU = Release|Any CPU
	EndGlobalSection
	GlobalSection(ProjectConfigurationPlatforms) = postSolution
		{1B15571A-3228-4291-95E3-545BFF2CE615}.Debug|Any CPU.ActiveCfg = Debug|Any CPU
		{1B15571A-3228-4291-95E3-545BFF2CE615}.Debug|Any CPU.Build.0 = Debug|Any CPU
		{1B15571A-3228-4291-95E3-545BFF2CE615}.Release|Any CPU.ActiveCfg = Release|Any CPU
		{1B15571A-3228-4291-95E3-545BFF2CE615}.Release|Any CPU.Build.0 = Release|Any CPU
		{A9CC6546-A974-4F4D-9433-9F6A975F3686}.Debug|Any CPU.ActiveCfg = Debug|Any CPU
		{A9CC6546-A974-4F4D-9433-9F6A975F3686}.Debug|Any CPU.Build.0 = Debug|Any CPU
		{A9CC6546-A974-4F4D-9433-9F6A975F3686}.Release|Any CPU.ActiveCfg = Release|Any CPU
		{A9CC6546-A974-4F4D-9433-9F6A975F3686}.Release|Any CPU.Build.0 = Release|Any CPU
		{58AA4EC8-87F5-41A5-8347-1EF2D3C29D82}.Debug|Any CPU.ActiveCfg = Debug|Any CPU
		{58AA4EC8-87F5-41A5-8347-1EF2D3C29D82}.Debug|Any CPU.Build.0 = Debug|Any CPU
		{58AA4EC8-87F5-41A5-8347-1EF2D3C29D82}.Release|Any CPU.ActiveCfg = Release|Any CPU
		{58AA4EC8-87F5-41A5-8347-1EF2D3C29D82}.Release|Any CPU.Build.0 = Release|Any CPU
		{8BF0FD71-1368-4635-9118-A50FCE37FF00}.Debug|Any CPU.ActiveCfg = Debug|Any CPU
		{8BF0FD71-1368-4635-9118-A50FCE37FF00}.Debug|Any CPU.Build.0 = Debug|Any CPU
		{8BF0FD71-1368-4635-9118-A50FCE37FF00}.Release|Any CPU.ActiveCfg = Release|Any CPU
		{8BF0FD71-1368-4635-9118-A50FCE37FF00}.Release|Any CPU.Build.0 = Release|Any CPU
		{4A9BAE3E-2E4C-4DA5-9E7A-438413D9B54E}.Debug|Any CPU.ActiveCfg = Debug|Any CPU
		{4A9BAE3E-2E4C-4DA5-9E7A-438413D9B54E}.Debug|Any CPU.Build.0 = Debug|Any CPU
		{4A9BAE3E-2E4C-4DA5-9E7A-438413D9B54E}.Release|Any CPU.ActiveCfg = Release|Any CPU
		{4A9BAE3E-2E4C-4DA5-9E7A-438413D9B54E}.Release|Any CPU.Build.0 = Release|Any CPU
		{94E85E6C-FA6A-4199-ABE5-8187B7C17840}.Debug|Any CPU.ActiveCfg = Debug|Any CPU
		{94E85E6C-FA6A-4199-ABE5-8187B7C17840}.Debug|Any CPU.Build.0 = Debug|Any CPU
		{94E85E6C-FA6A-4199-ABE5-8187B7C17840}.Release|Any CPU.ActiveCfg = Release|Any CPU
		{94E85E6C-FA6A-4199-ABE5-8187B7C17840}.Release|Any CPU.Build.0 = Release|Any CPU
		{1710E692-C7EA-4BAD-8235-86EDDB0E837E}.Debug|Any CPU.ActiveCfg = Debug|Any CPU
		{1710E692-C7EA-4BAD-8235-86EDDB0E837E}.Debug|Any CPU.Build.0 = Debug|Any CPU
		{1710E692-C7EA-4BAD-8235-86EDDB0E837E}.Release|Any CPU.ActiveCfg = Release|Any CPU
		{1710E692-C7EA-4BAD-8235-86EDDB0E837E}.Release|Any CPU.Build.0 = Release|Any CPU
		{753BE16F-55E4-4445-86E3-811A5FA35237}.Debug|Any CPU.ActiveCfg = Debug|Any CPU
		{753BE16F-55E4-4445-86E3-811A5FA35237}.Debug|Any CPU.Build.0 = Debug|Any CPU
		{753BE16F-55E4-4445-86E3-811A5FA35237}.Release|Any CPU.ActiveCfg = Release|Any CPU
		{753BE16F-55E4-4445-86E3-811A5FA35237}.Release|Any CPU.Build.0 = Release|Any CPU
		{345C8483-661A-4DD9-A980-827DAC145029}.Debug|Any CPU.ActiveCfg = Debug|Any CPU
		{345C8483-661A-4DD9-A980-827DAC145029}.Debug|Any CPU.Build.0 = Debug|Any CPU
		{345C8483-661A-4DD9-A980-827DAC145029}.Release|Any CPU.ActiveCfg = Release|Any CPU
		{345C8483-661A-4DD9-A980-827DAC145029}.Release|Any CPU.Build.0 = Release|Any CPU
		{7A23E865-2F37-4DBF-A8E1-15105B9A0CB8}.Debug|Any CPU.ActiveCfg = Debug|Any CPU
		{7A23E865-2F37-4DBF-A8E1-15105B9A0CB8}.Debug|Any CPU.Build.0 = Debug|Any CPU
		{7A23E865-2F37-4DBF-A8E1-15105B9A0CB8}.Release|Any CPU.ActiveCfg = Release|Any CPU
		{7A23E865-2F37-4DBF-A8E1-15105B9A0CB8}.Release|Any CPU.Build.0 = Release|Any CPU
		{AC918BE5-72BE-486F-8BB4-0901E4020BEA}.Debug|Any CPU.ActiveCfg = Debug|Any CPU
		{AC918BE5-72BE-486F-8BB4-0901E4020BEA}.Debug|Any CPU.Build.0 = Debug|Any CPU
		{AC918BE5-72BE-486F-8BB4-0901E4020BEA}.Release|Any CPU.ActiveCfg = Release|Any CPU
		{AC918BE5-72BE-486F-8BB4-0901E4020BEA}.Release|Any CPU.Build.0 = Release|Any CPU
		{5B0262B7-067D-4883-B4EF-BC691AD880E8}.Debug|Any CPU.ActiveCfg = Debug|Any CPU
		{5B0262B7-067D-4883-B4EF-BC691AD880E8}.Debug|Any CPU.Build.0 = Debug|Any CPU
		{5B0262B7-067D-4883-B4EF-BC691AD880E8}.Release|Any CPU.ActiveCfg = Release|Any CPU
		{5B0262B7-067D-4883-B4EF-BC691AD880E8}.Release|Any CPU.Build.0 = Release|Any CPU
		{041A9774-525F-4652-A5E3-C163C8CDE5D4}.Debug|Any CPU.ActiveCfg = Debug|Any CPU
		{041A9774-525F-4652-A5E3-C163C8CDE5D4}.Debug|Any CPU.Build.0 = Debug|Any CPU
		{041A9774-525F-4652-A5E3-C163C8CDE5D4}.Release|Any CPU.ActiveCfg = Release|Any CPU
		{041A9774-525F-4652-A5E3-C163C8CDE5D4}.Release|Any CPU.Build.0 = Release|Any CPU
	EndGlobalSection
	GlobalSection(SolutionProperties) = preSolution
		HideSolutionNode = FALSE
	EndGlobalSection
	GlobalSection(ExtensibilityGlobals) = postSolution
		SolutionGuid = {F857FF05-2281-4141-A67F-729286CE5545}
	EndGlobalSection
EndGlobal
