
Microsoft Visual Studio Solution File, Format Version 12.00
# Visual Studio Version 16
VisualStudioVersion = 16.0.32106.194
MinimumVisualStudioVersion = 10.0.40219.1
Project("{9A19103F-16F7-4668-BE54-9A1E7A4F7556}") = "HelloWorld", "HelloWorld\HelloWorld.csproj", "{1B15571A-3228-4291-95E3-545BFF2CE615}"
EndProject
Project("{9A19103F-16F7-4668-BE54-9A1E7A4F7556}") = "FundementalGroupExercise", "FundementalGroupExercise\FundementalGroupExercise.csproj", "{A9CC6546-A974-4F4D-9433-9F6A975F3686}"
EndProject
Project("{9A19103F-16F7-4668-BE54-9A1E7A4F7556}") = "StatementAndExpression", "StatementAndExpression\StatementAndExpression.csproj", "{58AA4EC8-87F5-41A5-8347-1EF2D3C29D82}"
EndProject
Project("{9A19103F-16F7-4668-BE54-9A1E7A4F7556}") = "PrefixPostfix", "PrefixPostfix\PrefixPostfix.csproj", "{8BF0FD71-1368-4635-9118-A50FCE37FF00}"
EndProject
Project("{9A19103F-16F7-4668-BE54-9A1E7A4F7556}") = "TypeConversion", "TypeConversion\TypeConversion.csproj", "{4A9BAE3E-2E4C-4DA5-9E7A-438413D9B54E}"
EndProject
Project("{9A19103F-16F7-4668-BE54-9A1E7A4F7556}") = "Constant", "Constant\Constant.csproj", "{94E85E6C-FA6A-4199-ABE5-8187B7C17840}"
EndProject
Project("{9A19103F-16F7-4668-BE54-9A1E7A4F7556}") = "Inputs", "Inputs\Inputs.csproj", "{1710E692-C7EA-4BAD-8235-86EDDB0E837E}"
EndProject
Project("{9A19103F-16F7-4668-BE54-9A1E7A4F7556}") = "CoolConsole", "CoolConsole\CoolConsole.csproj", "{753BE16F-55E4-4445-86E3-811A5FA35237}"
EndProject
Project("{9A19103F-16F7-4668-BE54-9A1E7A4F7556}") = "Currency", "Currency\Currency.csproj", "{345C8483-661A-4DD9-A980-827DAC145029}"
EndProject
Project("{9A19103F-16F7-4668-BE54-9A1E7A4F7556}") = "Decisions", "Decisions\Decisions.csproj", "{7A23E865-2F37-4DBF-A8E1-15105B9A0CB8}"
EndProject
Project("{9A19103F-16F7-4668-BE54-9A1E7A4F7556}") = "JustinGetRichPlan", "JustinGetRichPlan\JustinGetRichPlan.csproj", "{AC918BE5-72BE-486F-8BB4-0901E4020BEA}"
EndProject
Project("{9A19103F-16F7-4668-BE54-9A1E7A4F7556}") = "scoped", "scoped\scoped.csproj", "{5B0262B7-067D-4883-B4EF-BC691AD880E8}"
EndProject
Project("{9A19103F-16F7-4668-BE54-9A1E7A4F7556}") = "Atm", "Atm\Atm.csproj", "{041A9774-525F-4652-A5E3-C163C8CDE5D4}"
EndProject
Project("{9A19103F-16F7-4668-BE54-9A1E7A4F7556}") = "OneStopPizza", "OneStopPizza\OneStopPizza.csproj", "{E23D29E1-28AA-411D-BD1E-BAA56A9BC9E3}"
EndProject
Project("{9A19103F-16F7-4668-BE54-9A1E7A4F7556}") = "Negate", "Negate\Negate.csproj", "{00F62BF6-0EDD-4CC3-873D-4D5C0D49919E}"
EndProject
Project("{9A19103F-16F7-4668-BE54-9A1E7A4F7556}") = "GradeLetter", "GradeLetter\GradeLetter.csproj", "{4CCA0E1F-436D-4E39-A87D-335B7AFF7211}"
EndProject
Project("{9A19103F-16F7-4668-BE54-9A1E7A4F7556}") = "inception", "inception\inception.csproj", "{166A860F-5048-4945-B398-A0D3F2854ED9}"
EndProject
Project("{9A19103F-16F7-4668-BE54-9A1E7A4F7556}") = "SwapMeet", "SwapMeet\SwapMeet.csproj", "{E9D30450-73C6-49C0-9D23-F0DA2A93CC5C}"
EndProject
Project("{9A19103F-16F7-4668-BE54-9A1E7A4F7556}") = "WingsHeaven", "WingsHeaven\WingsHeaven.csproj", "{9B5FD01A-F39E-4905-88CB-7D63B702D227}"
EndProject
Project("{9A19103F-16F7-4668-BE54-9A1E7A4F7556}") = "Array", "Array\Array.csproj", "{193AA9D3-3B0F-4665-8606-26766D4B6627}"
EndProject
Project("{9A19103F-16F7-4668-BE54-9A1E7A4F7556}") = "Loop", "Loop\Loop.csproj", "{A3CEB94B-39D3-4CCE-9012-CB4AB4BAA6E3}"
EndProject
Project("{9A19103F-16F7-4668-BE54-9A1E7A4F7556}") = "ArrayFun", "ArrayFun\ArrayFun.csproj", "{5B20A8D3-8021-472D-AA3E-97DD34EF7DC8}"
EndProject
Project("{9A19103F-16F7-4668-BE54-9A1E7A4F7556}") = "Foreach", "Foreach\Foreach.csproj", "{82C1E7FE-7054-48CF-BEBE-2EE5435866E1}"
EndProject
Project("{9A19103F-16F7-4668-BE54-9A1E7A4F7556}") = "ParallelArray", "ParallelArray\ParallelArray.csproj", "{77984033-CCA0-46B8-8481-F6DC22DC69B4}"
EndProject
Project("{9A19103F-16F7-4668-BE54-9A1E7A4F7556}") = "MoreFunWithWhile", "MoreFunWithWhile\MoreFunWithWhile.csproj", "{29D231C3-E7D8-435B-8CC2-7C03E00984B8}"
EndProject
Project("{9A19103F-16F7-4668-BE54-9A1E7A4F7556}") = "Method", "Method\Method.csproj", "{F87625A7-5ED2-4DDE-9954-0CCF17BB9CED}"
EndProject
Project("{9A19103F-16F7-4668-BE54-9A1E7A4F7556}") = "FunWithMethods", "FunWithMethods\FunWithMethods.csproj", "{1E358B1A-DE58-42B4-BFBD-C21EEA3EEB14}"
EndProject
Project("{9A19103F-16F7-4668-BE54-9A1E7A4F7556}") = "StringTheory", "StringTheory\StringTheory.csproj", "{80BE2398-62FC-41F0-B457-A406137689BE}"
EndProject
Project("{9A19103F-16F7-4668-BE54-9A1E7A4F7556}") = "ClassIntro", "ClassIntro\ClassIntro.csproj", "{D26BBA88-D291-4380-9102-F12E73C53EBF}"
EndProject
Project("{9A19103F-16F7-4668-BE54-9A1E7A4F7556}") = "OOPv2", "OOPv2\OOPv2.csproj", "{FC88B779-762A-4182-8702-D08D122C9C9D}"
EndProject
Project("{9A19103F-16F7-4668-BE54-9A1E7A4F7556}") = "StudentGradeTrackingSystem", "StudentGradeTrackingSystem\StudentGradeTrackingSystem.csproj", "{B3DC0956-0F79-4F7E-8EAF-E6D3E8F7AAFA}"
EndProject
Project("{FAE04EC0-301F-11D3-BF4B-00C04F79EFBC}") = "GameOOP", "GameOOP\GameOOP.csproj", "{0C0FC92F-F79D-4D3F-B47C-85CC6707F656}"
EndProject
Global
	GlobalSection(SolutionConfigurationPlatforms) = preSolution
		Debug|Any CPU = Debug|Any CPU
		Release|Any CPU = Release|Any CPU
	EndGlobalSection
	GlobalSection(ProjectConfigurationPlatforms) = postSolution
		{1B15571A-3228-4291-95E3-545BFF2CE615}.Debug|Any CPU.ActiveCfg = Debug|Any CPU
		{1B15571A-3228-4291-95E3-545BFF2CE615}.Debug|Any CPU.Build.0 = Debug|Any CPU
		{1B15571A-3228-4291-95E3-545BFF2CE615}.Release|Any CPU.ActiveCfg = Release|Any CPU
		{1B15571A-3228-4291-95E3-545BFF2CE615}.Release|Any CPU.Build.0 = Release|Any CPU
		{A9CC6546-A974-4F4D-9433-9F6A975F3686}.Debug|Any CPU.ActiveCfg = Debug|Any CPU
		{A9CC6546-A974-4F4D-9433-9F6A975F3686}.Debug|Any CPU.Build.0 = Debug|Any CPU
		{A9CC6546-A974-4F4D-9433-9F6A975F3686}.Release|Any CPU.ActiveCfg = Release|Any CPU
		{A9CC6546-A974-4F4D-9433-9F6A975F3686}.Release|Any CPU.Build.0 = Release|Any CPU
		{58AA4EC8-87F5-41A5-8347-1EF2D3C29D82}.Debug|Any CPU.ActiveCfg = Debug|Any CPU
		{58AA4EC8-87F5-41A5-8347-1EF2D3C29D82}.Debug|Any CPU.Build.0 = Debug|Any CPU
		{58AA4EC8-87F5-41A5-8347-1EF2D3C29D82}.Release|Any CPU.ActiveCfg = Release|Any CPU
		{58AA4EC8-87F5-41A5-8347-1EF2D3C29D82}.Release|Any CPU.Build.0 = Release|Any CPU
		{8BF0FD71-1368-4635-9118-A50FCE37FF00}.Debug|Any CPU.ActiveCfg = Debug|Any CPU
		{8BF0FD71-1368-4635-9118-A50FCE37FF00}.Debug|Any CPU.Build.0 = Debug|Any CPU
		{8BF0FD71-1368-4635-9118-A50FCE37FF00}.Release|Any CPU.ActiveCfg = Release|Any CPU
		{8BF0FD71-1368-4635-9118-A50FCE37FF00}.Release|Any CPU.Build.0 = Release|Any CPU
		{4A9BAE3E-2E4C-4DA5-9E7A-438413D9B54E}.Debug|Any CPU.ActiveCfg = Debug|Any CPU
		{4A9BAE3E-2E4C-4DA5-9E7A-438413D9B54E}.Debug|Any CPU.Build.0 = Debug|Any CPU
		{4A9BAE3E-2E4C-4DA5-9E7A-438413D9B54E}.Release|Any CPU.ActiveCfg = Release|Any CPU
		{4A9BAE3E-2E4C-4DA5-9E7A-438413D9B54E}.Release|Any CPU.Build.0 = Release|Any CPU
		{94E85E6C-FA6A-4199-ABE5-8187B7C17840}.Debug|Any CPU.ActiveCfg = Debug|Any CPU
		{94E85E6C-FA6A-4199-ABE5-8187B7C17840}.Debug|Any CPU.Build.0 = Debug|Any CPU
		{94E85E6C-FA6A-4199-ABE5-8187B7C17840}.Release|Any CPU.ActiveCfg = Release|Any CPU
		{94E85E6C-FA6A-4199-ABE5-8187B7C17840}.Release|Any CPU.Build.0 = Release|Any CPU
		{1710E692-C7EA-4BAD-8235-86EDDB0E837E}.Debug|Any CPU.ActiveCfg = Debug|Any CPU
		{1710E692-C7EA-4BAD-8235-86EDDB0E837E}.Debug|Any CPU.Build.0 = Debug|Any CPU
		{1710E692-C7EA-4BAD-8235-86EDDB0E837E}.Release|Any CPU.ActiveCfg = Release|Any CPU
		{1710E692-C7EA-4BAD-8235-86EDDB0E837E}.Release|Any CPU.Build.0 = Release|Any CPU
		{753BE16F-55E4-4445-86E3-811A5FA35237}.Debug|Any CPU.ActiveCfg = Debug|Any CPU
		{753BE16F-55E4-4445-86E3-811A5FA35237}.Debug|Any CPU.Build.0 = Debug|Any CPU
		{753BE16F-55E4-4445-86E3-811A5FA35237}.Release|Any CPU.ActiveCfg = Release|Any CPU
		{753BE16F-55E4-4445-86E3-811A5FA35237}.Release|Any CPU.Build.0 = Release|Any CPU
		{345C8483-661A-4DD9-A980-827DAC145029}.Debug|Any CPU.ActiveCfg = Debug|Any CPU
		{345C8483-661A-4DD9-A980-827DAC145029}.Debug|Any CPU.Build.0 = Debug|Any CPU
		{345C8483-661A-4DD9-A980-827DAC145029}.Release|Any CPU.ActiveCfg = Release|Any CPU
		{345C8483-661A-4DD9-A980-827DAC145029}.Release|Any CPU.Build.0 = Release|Any CPU
		{7A23E865-2F37-4DBF-A8E1-15105B9A0CB8}.Debug|Any CPU.ActiveCfg = Debug|Any CPU
		{7A23E865-2F37-4DBF-A8E1-15105B9A0CB8}.Debug|Any CPU.Build.0 = Debug|Any CPU
		{7A23E865-2F37-4DBF-A8E1-15105B9A0CB8}.Release|Any CPU.ActiveCfg = Release|Any CPU
		{7A23E865-2F37-4DBF-A8E1-15105B9A0CB8}.Release|Any CPU.Build.0 = Release|Any CPU
		{AC918BE5-72BE-486F-8BB4-0901E4020BEA}.Debug|Any CPU.ActiveCfg = Debug|Any CPU
		{AC918BE5-72BE-486F-8BB4-0901E4020BEA}.Debug|Any CPU.Build.0 = Debug|Any CPU
		{AC918BE5-72BE-486F-8BB4-0901E4020BEA}.Release|Any CPU.ActiveCfg = Release|Any CPU
		{AC918BE5-72BE-486F-8BB4-0901E4020BEA}.Release|Any CPU.Build.0 = Release|Any CPU
		{5B0262B7-067D-4883-B4EF-BC691AD880E8}.Debug|Any CPU.ActiveCfg = Debug|Any CPU
		{5B0262B7-067D-4883-B4EF-BC691AD880E8}.Debug|Any CPU.Build.0 = Debug|Any CPU
		{5B0262B7-067D-4883-B4EF-BC691AD880E8}.Release|Any CPU.ActiveCfg = Release|Any CPU
		{5B0262B7-067D-4883-B4EF-BC691AD880E8}.Release|Any CPU.Build.0 = Release|Any CPU
		{041A9774-525F-4652-A5E3-C163C8CDE5D4}.Debug|Any CPU.ActiveCfg = Debug|Any CPU
		{041A9774-525F-4652-A5E3-C163C8CDE5D4}.Debug|Any CPU.Build.0 = Debug|Any CPU
		{041A9774-525F-4652-A5E3-C163C8CDE5D4}.Release|Any CPU.ActiveCfg = Release|Any CPU
		{041A9774-525F-4652-A5E3-C163C8CDE5D4}.Release|Any CPU.Build.0 = Release|Any CPU
		{E23D29E1-28AA-411D-BD1E-BAA56A9BC9E3}.Debug|Any CPU.ActiveCfg = Debug|Any CPU
		{E23D29E1-28AA-411D-BD1E-BAA56A9BC9E3}.Debug|Any CPU.Build.0 = Debug|Any CPU
		{E23D29E1-28AA-411D-BD1E-BAA56A9BC9E3}.Release|Any CPU.ActiveCfg = Release|Any CPU
		{E23D29E1-28AA-411D-BD1E-BAA56A9BC9E3}.Release|Any CPU.Build.0 = Release|Any CPU
		{00F62BF6-0EDD-4CC3-873D-4D5C0D49919E}.Debug|Any CPU.ActiveCfg = Debug|Any CPU
		{00F62BF6-0EDD-4CC3-873D-4D5C0D49919E}.Debug|Any CPU.Build.0 = Debug|Any CPU
		{00F62BF6-0EDD-4CC3-873D-4D5C0D49919E}.Release|Any CPU.ActiveCfg = Release|Any CPU
		{00F62BF6-0EDD-4CC3-873D-4D5C0D49919E}.Release|Any CPU.Build.0 = Release|Any CPU
		{4CCA0E1F-436D-4E39-A87D-335B7AFF7211}.Debug|Any CPU.ActiveCfg = Debug|Any CPU
		{4CCA0E1F-436D-4E39-A87D-335B7AFF7211}.Debug|Any CPU.Build.0 = Debug|Any CPU
		{4CCA0E1F-436D-4E39-A87D-335B7AFF7211}.Release|Any CPU.ActiveCfg = Release|Any CPU
		{4CCA0E1F-436D-4E39-A87D-335B7AFF7211}.Release|Any CPU.Build.0 = Release|Any CPU
		{166A860F-5048-4945-B398-A0D3F2854ED9}.Debug|Any CPU.ActiveCfg = Debug|Any CPU
		{166A860F-5048-4945-B398-A0D3F2854ED9}.Debug|Any CPU.Build.0 = Debug|Any CPU
		{166A860F-5048-4945-B398-A0D3F2854ED9}.Release|Any CPU.ActiveCfg = Release|Any CPU
		{166A860F-5048-4945-B398-A0D3F2854ED9}.Release|Any CPU.Build.0 = Release|Any CPU
		{E9D30450-73C6-49C0-9D23-F0DA2A93CC5C}.Debug|Any CPU.ActiveCfg = Debug|Any CPU
		{E9D30450-73C6-49C0-9D23-F0DA2A93CC5C}.Debug|Any CPU.Build.0 = Debug|Any CPU
		{E9D30450-73C6-49C0-9D23-F0DA2A93CC5C}.Release|Any CPU.ActiveCfg = Release|Any CPU
		{E9D30450-73C6-49C0-9D23-F0DA2A93CC5C}.Release|Any CPU.Build.0 = Release|Any CPU
		{9B5FD01A-F39E-4905-88CB-7D63B702D227}.Debug|Any CPU.ActiveCfg = Debug|Any CPU
		{9B5FD01A-F39E-4905-88CB-7D63B702D227}.Debug|Any CPU.Build.0 = Debug|Any CPU
		{9B5FD01A-F39E-4905-88CB-7D63B702D227}.Release|Any CPU.ActiveCfg = Release|Any CPU
		{9B5FD01A-F39E-4905-88CB-7D63B702D227}.Release|Any CPU.Build.0 = Release|Any CPU
		{193AA9D3-3B0F-4665-8606-26766D4B6627}.Debug|Any CPU.ActiveCfg = Debug|Any CPU
		{193AA9D3-3B0F-4665-8606-26766D4B6627}.Debug|Any CPU.Build.0 = Debug|Any CPU
		{193AA9D3-3B0F-4665-8606-26766D4B6627}.Release|Any CPU.ActiveCfg = Release|Any CPU
		{193AA9D3-3B0F-4665-8606-26766D4B6627}.Release|Any CPU.Build.0 = Release|Any CPU
		{A3CEB94B-39D3-4CCE-9012-CB4AB4BAA6E3}.Debug|Any CPU.ActiveCfg = Debug|Any CPU
		{A3CEB94B-39D3-4CCE-9012-CB4AB4BAA6E3}.Debug|Any CPU.Build.0 = Debug|Any CPU
		{A3CEB94B-39D3-4CCE-9012-CB4AB4BAA6E3}.Release|Any CPU.ActiveCfg = Release|Any CPU
		{A3CEB94B-39D3-4CCE-9012-CB4AB4BAA6E3}.Release|Any CPU.Build.0 = Release|Any CPU
		{5B20A8D3-8021-472D-AA3E-97DD34EF7DC8}.Debug|Any CPU.ActiveCfg = Debug|Any CPU
		{5B20A8D3-8021-472D-AA3E-97DD34EF7DC8}.Debug|Any CPU.Build.0 = Debug|Any CPU
		{5B20A8D3-8021-472D-AA3E-97DD34EF7DC8}.Release|Any CPU.ActiveCfg = Release|Any CPU
		{5B20A8D3-8021-472D-AA3E-97DD34EF7DC8}.Release|Any CPU.Build.0 = Release|Any CPU
		{82C1E7FE-7054-48CF-BEBE-2EE5435866E1}.Debug|Any CPU.ActiveCfg = Debug|Any CPU
		{82C1E7FE-7054-48CF-BEBE-2EE5435866E1}.Debug|Any CPU.Build.0 = Debug|Any CPU
		{82C1E7FE-7054-48CF-BEBE-2EE5435866E1}.Release|Any CPU.ActiveCfg = Release|Any CPU
		{82C1E7FE-7054-48CF-BEBE-2EE5435866E1}.Release|Any CPU.Build.0 = Release|Any CPU
		{77984033-CCA0-46B8-8481-F6DC22DC69B4}.Debug|Any CPU.ActiveCfg = Debug|Any CPU
		{77984033-CCA0-46B8-8481-F6DC22DC69B4}.Debug|Any CPU.Build.0 = Debug|Any CPU
		{77984033-CCA0-46B8-8481-F6DC22DC69B4}.Release|Any CPU.ActiveCfg = Release|Any CPU
		{77984033-CCA0-46B8-8481-F6DC22DC69B4}.Release|Any CPU.Build.0 = Release|Any CPU
		{29D231C3-E7D8-435B-8CC2-7C03E00984B8}.Debug|Any CPU.ActiveCfg = Debug|Any CPU
		{29D231C3-E7D8-435B-8CC2-7C03E00984B8}.Debug|Any CPU.Build.0 = Debug|Any CPU
		{29D231C3-E7D8-435B-8CC2-7C03E00984B8}.Release|Any CPU.ActiveCfg = Release|Any CPU
		{29D231C3-E7D8-435B-8CC2-7C03E00984B8}.Release|Any CPU.Build.0 = Release|Any CPU
		{F87625A7-5ED2-4DDE-9954-0CCF17BB9CED}.Debug|Any CPU.ActiveCfg = Debug|Any CPU
		{F87625A7-5ED2-4DDE-9954-0CCF17BB9CED}.Debug|Any CPU.Build.0 = Debug|Any CPU
		{F87625A7-5ED2-4DDE-9954-0CCF17BB9CED}.Release|Any CPU.ActiveCfg = Release|Any CPU
		{F87625A7-5ED2-4DDE-9954-0CCF17BB9CED}.Release|Any CPU.Build.0 = Release|Any CPU
		{1E358B1A-DE58-42B4-BFBD-C21EEA3EEB14}.Debug|Any CPU.ActiveCfg = Debug|Any CPU
		{1E358B1A-DE58-42B4-BFBD-C21EEA3EEB14}.Debug|Any CPU.Build.0 = Debug|Any CPU
		{1E358B1A-DE58-42B4-BFBD-C21EEA3EEB14}.Release|Any CPU.ActiveCfg = Release|Any CPU
		{1E358B1A-DE58-42B4-BFBD-C21EEA3EEB14}.Release|Any CPU.Build.0 = Release|Any CPU
		{80BE2398-62FC-41F0-B457-A406137689BE}.Debug|Any CPU.ActiveCfg = Debug|Any CPU
		{80BE2398-62FC-41F0-B457-A406137689BE}.Debug|Any CPU.Build.0 = Debug|Any CPU
		{80BE2398-62FC-41F0-B457-A406137689BE}.Release|Any CPU.ActiveCfg = Release|Any CPU
		{80BE2398-62FC-41F0-B457-A406137689BE}.Release|Any CPU.Build.0 = Release|Any CPU
		{D26BBA88-D291-4380-9102-F12E73C53EBF}.Debug|Any CPU.ActiveCfg = Debug|Any CPU
		{D26BBA88-D291-4380-9102-F12E73C53EBF}.Debug|Any CPU.Build.0 = Debug|Any CPU
		{D26BBA88-D291-4380-9102-F12E73C53EBF}.Release|Any CPU.ActiveCfg = Release|Any CPU
		{D26BBA88-D291-4380-9102-F12E73C53EBF}.Release|Any CPU.Build.0 = Release|Any CPU
		{FC88B779-762A-4182-8702-D08D122C9C9D}.Debug|Any CPU.ActiveCfg = Debug|Any CPU
		{FC88B779-762A-4182-8702-D08D122C9C9D}.Debug|Any CPU.Build.0 = Debug|Any CPU
		{FC88B779-762A-4182-8702-D08D122C9C9D}.Release|Any CPU.ActiveCfg = Release|Any CPU
		{FC88B779-762A-4182-8702-D08D122C9C9D}.Release|Any CPU.Build.0 = Release|Any CPU
		{B3DC0956-0F79-4F7E-8EAF-E6D3E8F7AAFA}.Debug|Any CPU.ActiveCfg = Debug|Any CPU
		{B3DC0956-0F79-4F7E-8EAF-E6D3E8F7AAFA}.Debug|Any CPU.Build.0 = Debug|Any CPU
		{B3DC0956-0F79-4F7E-8EAF-E6D3E8F7AAFA}.Release|Any CPU.ActiveCfg = Release|Any CPU
		{B3DC0956-0F79-4F7E-8EAF-E6D3E8F7AAFA}.Release|Any CPU.Build.0 = Release|Any CPU
		{0C0FC92F-F79D-4D3F-B47C-85CC6707F656}.Debug|Any CPU.ActiveCfg = Debug|Any CPU
		{0C0FC92F-F79D-4D3F-B47C-85CC6707F656}.Debug|Any CPU.Build.0 = Debug|Any CPU
		{0C0FC92F-F79D-4D3F-B47C-85CC6707F656}.Release|Any CPU.ActiveCfg = Release|Any CPU
		{0C0FC92F-F79D-4D3F-B47C-85CC6707F656}.Release|Any CPU.Build.0 = Release|Any CPU
	EndGlobalSection
	GlobalSection(SolutionProperties) = preSolution
		HideSolutionNode = FALSE
	EndGlobalSection
	GlobalSection(ExtensibilityGlobals) = postSolution
		SolutionGuid = {F857FF05-2281-4141-A67F-729286CE5545}
	EndGlobalSection
EndGlobal
